// !$*UTF8*$!
{
	archiveVersion = 1;
	classes = {
	};
	objectVersion = 50;
	objects = {

/* Begin PBXBuildFile section */
		7DC64BFC63BB5E9CD0E703F7 /* Pods_Todorial.framework in Frameworks */ = {isa = PBXBuildFile; fileRef = B69A08BA520E34796FDE7FA4 /* Pods_Todorial.framework */; };
		C064390E21C5DF930025FEC1 /* AppDelegate.swift in Sources */ = {isa = PBXBuildFile; fileRef = C064390D21C5DF930025FEC1 /* AppDelegate.swift */; };
		C064391021C5DF930025FEC1 /* TodoListViewController.swift in Sources */ = {isa = PBXBuildFile; fileRef = C064390F21C5DF930025FEC1 /* TodoListViewController.swift */; };
		C064391321C5DF930025FEC1 /* Main.storyboard in Resources */ = {isa = PBXBuildFile; fileRef = C064391121C5DF930025FEC1 /* Main.storyboard */; };
		C064391521C5DF930025FEC1 /* Assets.xcassets in Resources */ = {isa = PBXBuildFile; fileRef = C064391421C5DF930025FEC1 /* Assets.xcassets */; };
		C064391821C5DF930025FEC1 /* LaunchScreen.storyboard in Resources */ = {isa = PBXBuildFile; fileRef = C064391621C5DF930025FEC1 /* LaunchScreen.storyboard */; };
		C064394E21C9966D0025FEC1 /* CategoryViewController.swift in Sources */ = {isa = PBXBuildFile; fileRef = C064394D21C9966D0025FEC1 /* CategoryViewController.swift */; };
		C064395221C9BD460025FEC1 /* Item.swift in Sources */ = {isa = PBXBuildFile; fileRef = C064395121C9BD460025FEC1 /* Item.swift */; };
		C064395421C9BD4D0025FEC1 /* Category.swift in Sources */ = {isa = PBXBuildFile; fileRef = C064395321C9BD4D0025FEC1 /* Category.swift */; };
/* End PBXBuildFile section */

/* Begin PBXFileReference section */
		38250BB5F0550CE880667F68 /* Pods-Todorial.release.xcconfig */ = {isa = PBXFileReference; includeInIndex = 1; lastKnownFileType = text.xcconfig; name = "Pods-Todorial.release.xcconfig"; path = "Pods/Target Support Files/Pods-Todorial/Pods-Todorial.release.xcconfig"; sourceTree = "<group>"; };
		B69A08BA520E34796FDE7FA4 /* Pods_Todorial.framework */ = {isa = PBXFileReference; explicitFileType = wrapper.framework; includeInIndex = 0; path = Pods_Todorial.framework; sourceTree = BUILT_PRODUCTS_DIR; };
		BFC0E39A442E4675A6426491 /* Pods-Todorial.debug.xcconfig */ = {isa = PBXFileReference; includeInIndex = 1; lastKnownFileType = text.xcconfig; name = "Pods-Todorial.debug.xcconfig"; path = "Pods/Target Support Files/Pods-Todorial/Pods-Todorial.debug.xcconfig"; sourceTree = "<group>"; };
		C064390A21C5DF930025FEC1 /* Todorial.app */ = {isa = PBXFileReference; explicitFileType = wrapper.application; includeInIndex = 0; path = Todorial.app; sourceTree = BUILT_PRODUCTS_DIR; };
		C064390D21C5DF930025FEC1 /* AppDelegate.swift */ = {isa = PBXFileReference; lastKnownFileType = sourcecode.swift; path = AppDelegate.swift; sourceTree = "<group>"; };
		C064390F21C5DF930025FEC1 /* TodoListViewController.swift */ = {isa = PBXFileReference; lastKnownFileType = sourcecode.swift; path = TodoListViewController.swift; sourceTree = "<group>"; };
		C064391221C5DF930025FEC1 /* Base */ = {isa = PBXFileReference; lastKnownFileType = file.storyboard; name = Base; path = Base.lproj/Main.storyboard; sourceTree = "<group>"; };
		C064391421C5DF930025FEC1 /* Assets.xcassets */ = {isa = PBXFileReference; lastKnownFileType = folder.assetcatalog; path = Assets.xcassets; sourceTree = "<group>"; };
		C064391721C5DF930025FEC1 /* Base */ = {isa = PBXFileReference; lastKnownFileType = file.storyboard; name = Base; path = Base.lproj/LaunchScreen.storyboard; sourceTree = "<group>"; };
		C064391921C5DF930025FEC1 /* Info.plist */ = {isa = PBXFileReference; lastKnownFileType = text.plist.xml; path = Info.plist; sourceTree = "<group>"; };
		C064394D21C9966D0025FEC1 /* CategoryViewController.swift */ = {isa = PBXFileReference; lastKnownFileType = sourcecode.swift; path = CategoryViewController.swift; sourceTree = "<group>"; };
		C064395121C9BD460025FEC1 /* Item.swift */ = {isa = PBXFileReference; lastKnownFileType = sourcecode.swift; path = Item.swift; sourceTree = "<group>"; };
		C064395321C9BD4D0025FEC1 /* Category.swift */ = {isa = PBXFileReference; lastKnownFileType = sourcecode.swift; path = Category.swift; sourceTree = "<group>"; };
/* End PBXFileReference section */

/* Begin PBXFrameworksBuildPhase section */
		C064390721C5DF930025FEC1 /* Frameworks */ = {
			isa = PBXFrameworksBuildPhase;
			buildActionMask = 2147483647;
			files = (
				7DC64BFC63BB5E9CD0E703F7 /* Pods_Todorial.framework in Frameworks */,
			);
			runOnlyForDeploymentPostprocessing = 0;
		};
/* End PBXFrameworksBuildPhase section */

/* Begin PBXGroup section */
		52F1298B0740FBA0FA10C1A5 /* Frameworks */ = {
			isa = PBXGroup;
			children = (
				B69A08BA520E34796FDE7FA4 /* Pods_Todorial.framework */,
			);
			name = Frameworks;
			sourceTree = "<group>";
		};
		6FE7EF123CDC242E3615B798 /* Pods */ = {
			isa = PBXGroup;
			children = (
				BFC0E39A442E4675A6426491 /* Pods-Todorial.debug.xcconfig */,
				38250BB5F0550CE880667F68 /* Pods-Todorial.release.xcconfig */,
			);
			name = Pods;
			sourceTree = "<group>";
		};
		C064390121C5DF930025FEC1 = {
			isa = PBXGroup;
			children = (
				C064390C21C5DF930025FEC1 /* Todorial */,
				C064390B21C5DF930025FEC1 /* Products */,
				6FE7EF123CDC242E3615B798 /* Pods */,
				52F1298B0740FBA0FA10C1A5 /* Frameworks */,
			);
			sourceTree = "<group>";
		};
		C064390B21C5DF930025FEC1 /* Products */ = {
			isa = PBXGroup;
			children = (
				C064390A21C5DF930025FEC1 /* Todorial.app */,
			);
			name = Products;
			sourceTree = "<group>";
		};
		C064390C21C5DF930025FEC1 /* Todorial */ = {
			isa = PBXGroup;
			children = (
				C064390D21C5DF930025FEC1 /* AppDelegate.swift */,
				C064392421C8EE720025FEC1 /* Controller */,
				C064392121C8EE380025FEC1 /* DataModel */,
				C064392221C8EE570025FEC1 /* Views */,
				C064392321C8EE6A0025FEC1 /* Supporting Files */,
				C064391921C5DF930025FEC1 /* Info.plist */,
			);
			path = Todorial;
			sourceTree = "<group>";
		};
		C064392121C8EE380025FEC1 /* DataModel */ = {
			isa = PBXGroup;
			children = (
				C064395321C9BD4D0025FEC1 /* Category.swift */,
				C064395121C9BD460025FEC1 /* Item.swift */,
			);
			path = DataModel;
			sourceTree = "<group>";
		};
		C064392221C8EE570025FEC1 /* Views */ = {
			isa = PBXGroup;
			children = (
				C064391121C5DF930025FEC1 /* Main.storyboard */,
			);
			path = Views;
			sourceTree = "<group>";
		};
		C064392321C8EE6A0025FEC1 /* Supporting Files */ = {
			isa = PBXGroup;
			children = (
				C064391621C5DF930025FEC1 /* LaunchScreen.storyboard */,
				C064391421C5DF930025FEC1 /* Assets.xcassets */,
			);
			path = "Supporting Files";
			sourceTree = "<group>";
		};
		C064392421C8EE720025FEC1 /* Controller */ = {
			isa = PBXGroup;
			children = (
				C064394D21C9966D0025FEC1 /* CategoryViewController.swift */,
				C064390F21C5DF930025FEC1 /* TodoListViewController.swift */,
			);
			path = Controller;
			sourceTree = "<group>";
		};
/* End PBXGroup section */

/* Begin PBXNativeTarget section */
		C064390921C5DF930025FEC1 /* Todorial */ = {
			isa = PBXNativeTarget;
			buildConfigurationList = C064391C21C5DF930025FEC1 /* Build configuration list for PBXNativeTarget "Todorial" */;
			buildPhases = (
				66699A4A8F385D1B77D1248C /* [CP] Check Pods Manifest.lock */,
				C064390621C5DF930025FEC1 /* Sources */,
				C064390721C5DF930025FEC1 /* Frameworks */,
				C064390821C5DF930025FEC1 /* Resources */,
				5ABCA75DE422D7B711C98320 /* [CP] Embed Pods Frameworks */,
			);
			buildRules = (
			);
			dependencies = (
			);
			name = Todorial;
			productName = Todorial;
			productReference = C064390A21C5DF930025FEC1 /* Todorial.app */;
			productType = "com.apple.product-type.application";
		};
/* End PBXNativeTarget section */

/* Begin PBXProject section */
		C064390221C5DF930025FEC1 /* Project object */ = {
			isa = PBXProject;
			attributes = {
				LastSwiftUpdateCheck = 1010;
				LastUpgradeCheck = 1010;
				ORGANIZATIONNAME = Botatoes;
				TargetAttributes = {
					C064390921C5DF930025FEC1 = {
						CreatedOnToolsVersion = 10.1;
					};
				};
			};
			buildConfigurationList = C064390521C5DF930025FEC1 /* Build configuration list for PBXProject "Todorial" */;
			compatibilityVersion = "Xcode 9.3";
			developmentRegion = en;
			hasScannedForEncodings = 0;
			knownRegions = (
				en,
				Base,
			);
			mainGroup = C064390121C5DF930025FEC1;
			productRefGroup = C064390B21C5DF930025FEC1 /* Products */;
			projectDirPath = "";
			projectRoot = "";
			targets = (
				C064390921C5DF930025FEC1 /* Todorial */,
			);
		};
/* End PBXProject section */

/* Begin PBXResourcesBuildPhase section */
		C064390821C5DF930025FEC1 /* Resources */ = {
			isa = PBXResourcesBuildPhase;
			buildActionMask = 2147483647;
			files = (
				C064391821C5DF930025FEC1 /* LaunchScreen.storyboard in Resources */,
				C064391521C5DF930025FEC1 /* Assets.xcassets in Resources */,
				C064391321C5DF930025FEC1 /* Main.storyboard in Resources */,
			);
			runOnlyForDeploymentPostprocessing = 0;
		};
/* End PBXResourcesBuildPhase section */

/* Begin PBXShellScriptBuildPhase section */
		5ABCA75DE422D7B711C98320 /* [CP] Embed Pods Frameworks */ = {
			isa = PBXShellScriptBuildPhase;
			buildActionMask = 2147483647;
			files = (
			);
			inputFileListPaths = (
			);
			inputPaths = (
				"${SRCROOT}/Pods/Target Support Files/Pods-Todorial/Pods-Todorial-frameworks.sh",
				"${BUILT_PRODUCTS_DIR}/Realm/Realm.framework",
				"${BUILT_PRODUCTS_DIR}/RealmSwift/RealmSwift.framework",
				"${BUILT_PRODUCTS_DIR}/SwipeCellKit/SwipeCellKit.framework",
			);
			name = "[CP] Embed Pods Frameworks";
			outputFileListPaths = (
			);
			outputPaths = (
				"${TARGET_BUILD_DIR}/${FRAMEWORKS_FOLDER_PATH}/Realm.framework",
				"${TARGET_BUILD_DIR}/${FRAMEWORKS_FOLDER_PATH}/RealmSwift.framework",
				"${TARGET_BUILD_DIR}/${FRAMEWORKS_FOLDER_PATH}/SwipeCellKit.framework",
			);
			runOnlyForDeploymentPostprocessing = 0;
			shellPath = /bin/sh;
			shellScript = "\"${SRCROOT}/Pods/Target Support Files/Pods-Todorial/Pods-Todorial-frameworks.sh\"\n";
			showEnvVarsInLog = 0;
		};
		66699A4A8F385D1B77D1248C /* [CP] Check Pods Manifest.lock */ = {
			isa = PBXShellScriptBuildPhase;
			buildActionMask = 2147483647;
			files = (
			);
			inputFileListPaths = (
			);
			inputPaths = (
				"${PODS_PODFILE_DIR_PATH}/Podfile.lock",
				"${PODS_ROOT}/Manifest.lock",
			);
			name = "[CP] Check Pods Manifest.lock";
			outputFileListPaths = (
			);
			outputPaths = (
				"$(DERIVED_FILE_DIR)/Pods-Todorial-checkManifestLockResult.txt",
			);
			runOnlyForDeploymentPostprocessing = 0;
			shellPath = /bin/sh;
			shellScript = "diff \"${PODS_PODFILE_DIR_PATH}/Podfile.lock\" \"${PODS_ROOT}/Manifest.lock\" > /dev/null\nif [ $? != 0 ] ; then\n    # print error to STDERR\n    echo \"error: The sandbox is not in sync with the Podfile.lock. Run 'pod install' or update your CocoaPods installation.\" >&2\n    exit 1\nfi\n# This output is used by Xcode 'outputs' to avoid re-running this script phase.\necho \"SUCCESS\" > \"${SCRIPT_OUTPUT_FILE_0}\"\n";
			showEnvVarsInLog = 0;
		};
/* End PBXShellScriptBuildPhase section */

/* Begin PBXSourcesBuildPhase section */
		C064390621C5DF930025FEC1 /* Sources */ = {
			isa = PBXSourcesBuildPhase;
			buildActionMask = 2147483647;
			files = (
				C064395221C9BD460025FEC1 /* Item.swift in Sources */,
				C064394E21C9966D0025FEC1 /* CategoryViewController.swift in Sources */,
				C064391021C5DF930025FEC1 /* TodoListViewController.swift in Sources */,
				C064390E21C5DF930025FEC1 /* AppDelegate.swift in Sources */,
				C064395421C9BD4D0025FEC1 /* Category.swift in Sources */,
			);
			runOnlyForDeploymentPostprocessing = 0;
		};
/* End PBXSourcesBuildPhase section */

/* Begin PBXVariantGroup section */
		C064391121C5DF930025FEC1 /* Main.storyboard */ = {
			isa = PBXVariantGroup;
			children = (
				C064391221C5DF930025FEC1 /* Base */,
			);
			name = Main.storyboard;
			sourceTree = "<group>";
		};
		C064391621C5DF930025FEC1 /* LaunchScreen.storyboard */ = {
			isa = PBXVariantGroup;
			children = (
				C064391721C5DF930025FEC1 /* Base */,
			);
			name = LaunchScreen.storyboard;
			sourceTree = "<group>";
		};
/* End PBXVariantGroup section */

/* Begin XCBuildConfiguration section */
		C064391A21C5DF930025FEC1 /* Debug */ = {
			isa = XCBuildConfiguration;
			buildSettings = {
				ALWAYS_SEARCH_USER_PATHS = NO;
				CLANG_ANALYZER_NONNULL = YES;
				CLANG_ANALYZER_NUMBER_OBJECT_CONVERSION = YES_AGGRESSIVE;
				CLANG_CXX_LANGUAGE_STANDARD = "gnu++14";
				CLANG_CXX_LIBRARY = "libc++";
				CLANG_ENABLE_MODULES = YES;
				CLANG_ENABLE_OBJC_ARC = YES;
				CLANG_ENABLE_OBJC_WEAK = YES;
				CLANG_WARN_BLOCK_CAPTURE_AUTORELEASING = YES;
				CLANG_WARN_BOOL_CONVERSION = YES;
				CLANG_WARN_COMMA = YES;
				CLANG_WARN_CONSTANT_CONVERSION = YES;
				CLANG_WARN_DEPRECATED_OBJC_IMPLEMENTATIONS = YES;
				CLANG_WARN_DIRECT_OBJC_ISA_USAGE = YES_ERROR;
				CLANG_WARN_DOCUMENTATION_COMMENTS = YES;
				CLANG_WARN_EMPTY_BODY = YES;
				CLANG_WARN_ENUM_CONVERSION = YES;
				CLANG_WARN_INFINITE_RECURSION = YES;
				CLANG_WARN_INT_CONVERSION = YES;
				CLANG_WARN_NON_LITERAL_NULL_CONVERSION = YES;
				CLANG_WARN_OBJC_IMPLICIT_RETAIN_SELF = YES;
				CLANG_WARN_OBJC_LITERAL_CONVERSION = YES;
				CLANG_WARN_OBJC_ROOT_CLASS = YES_ERROR;
				CLANG_WARN_RANGE_LOOP_ANALYSIS = YES;
				CLANG_WARN_STRICT_PROTOTYPES = YES;
				CLANG_WARN_SUSPICIOUS_MOVE = YES;
				CLANG_WARN_UNGUARDED_AVAILABILITY = YES_AGGRESSIVE;
				CLANG_WARN_UNREACHABLE_CODE = YES;
				CLANG_WARN__DUPLICATE_METHOD_MATCH = YES;
				CODE_SIGN_IDENTITY = "iPhone Developer";
				COPY_PHASE_STRIP = NO;
				DEBUG_INFORMATION_FORMAT = dwarf;
				ENABLE_STRICT_OBJC_MSGSEND = YES;
				ENABLE_TESTABILITY = YES;
				GCC_C_LANGUAGE_STANDARD = gnu11;
				GCC_DYNAMIC_NO_PIC = NO;
				GCC_NO_COMMON_BLOCKS = YES;
				GCC_OPTIMIZATION_LEVEL = 0;
				GCC_PREPROCESSOR_DEFINITIONS = (
					"DEBUG=1",
					"$(inherited)",
				);
				GCC_WARN_64_TO_32_BIT_CONVERSION = YES;
				GCC_WARN_ABOUT_RETURN_TYPE = YES_ERROR;
				GCC_WARN_UNDECLARED_SELECTOR = YES;
				GCC_WARN_UNINITIALIZED_AUTOS = YES_AGGRESSIVE;
				GCC_WARN_UNUSED_FUNCTION = YES;
				GCC_WARN_UNUSED_VARIABLE = YES;
				IPHONEOS_DEPLOYMENT_TARGET = 12.1;
				MTL_ENABLE_DEBUG_INFO = INCLUDE_SOURCE;
				MTL_FAST_MATH = YES;
				ONLY_ACTIVE_ARCH = YES;
				SDKROOT = iphoneos;
				SWIFT_ACTIVE_COMPILATION_CONDITIONS = DEBUG;
				SWIFT_OPTIMIZATION_LEVEL = "-Onone";
			};
			name = Debug;
		};
		C064391B21C5DF930025FEC1 /* Release */ = {
			isa = XCBuildConfiguration;
			buildSettings = {
				ALWAYS_SEARCH_USER_PATHS = NO;
				CLANG_ANALYZER_NONNULL = YES;
				CLANG_ANALYZER_NUMBER_OBJECT_CONVERSION = YES_AGGRESSIVE;
				CLANG_CXX_LANGUAGE_STANDARD = "gnu++14";
				CLANG_CXX_LIBRARY = "libc++";
				CLANG_ENABLE_MODULES = YES;
				CLANG_ENABLE_OBJC_ARC = YES;
				CLANG_ENABLE_OBJC_WEAK = YES;
				CLANG_WARN_BLOCK_CAPTURE_AUTORELEASING = YES;
				CLANG_WARN_BOOL_CONVERSION = YES;
				CLANG_WARN_COMMA = YES;
				CLANG_WARN_CONSTANT_CONVERSION = YES;
				CLANG_WARN_DEPRECATED_OBJC_IMPLEMENTATIONS = YES;
				CLANG_WARN_DIRECT_OBJC_ISA_USAGE = YES_ERROR;
				CLANG_WARN_DOCUMENTATION_COMMENTS = YES;
				CLANG_WARN_EMPTY_BODY = YES;
				CLANG_WARN_ENUM_CONVERSION = YES;
				CLANG_WARN_INFINITE_RECURSION = YES;
				CLANG_WARN_INT_CONVERSION = YES;
				CLANG_WARN_NON_LITERAL_NULL_CONVERSION = YES;
				CLANG_WARN_OBJC_IMPLICIT_RETAIN_SELF = YES;
				CLANG_WARN_OBJC_LITERAL_CONVERSION = YES;
				CLANG_WARN_OBJC_ROOT_CLASS = YES_ERROR;
				CLANG_WARN_RANGE_LOOP_ANALYSIS = YES;
				CLANG_WARN_STRICT_PROTOTYPES = YES;
				CLANG_WARN_SUSPICIOUS_MOVE = YES;
				CLANG_WARN_UNGUARDED_AVAILABILITY = YES_AGGRESSIVE;
				CLANG_WARN_UNREACHABLE_CODE = YES;
				CLANG_WARN__DUPLICATE_METHOD_MATCH = YES;
				CODE_SIGN_IDENTITY = "iPhone Developer";
				COPY_PHASE_STRIP = NO;
				DEBUG_INFORMATION_FORMAT = "dwarf-with-dsym";
				ENABLE_NS_ASSERTIONS = NO;
				ENABLE_STRICT_OBJC_MSGSEND = YES;
				GCC_C_LANGUAGE_STANDARD = gnu11;
				GCC_NO_COMMON_BLOCKS = YES;
				GCC_WARN_64_TO_32_BIT_CONVERSION = YES;
				GCC_WARN_ABOUT_RETURN_TYPE = YES_ERROR;
				GCC_WARN_UNDECLARED_SELECTOR = YES;
				GCC_WARN_UNINITIALIZED_AUTOS = YES_AGGRESSIVE;
				GCC_WARN_UNUSED_FUNCTION = YES;
				GCC_WARN_UNUSED_VARIABLE = YES;
				IPHONEOS_DEPLOYMENT_TARGET = 12.1;
				MTL_ENABLE_DEBUG_INFO = NO;
				MTL_FAST_MATH = YES;
				SDKROOT = iphoneos;
				SWIFT_COMPILATION_MODE = wholemodule;
				SWIFT_OPTIMIZATION_LEVEL = "-O";
				VALIDATE_PRODUCT = YES;
			};
			name = Release;
		};
		C064391D21C5DF930025FEC1 /* Debug */ = {
			isa = XCBuildConfiguration;
			baseConfigurationReference = BFC0E39A442E4675A6426491 /* Pods-Todorial.debug.xcconfig */;
			buildSettings = {
				ASSETCATALOG_COMPILER_APPICON_NAME = AppIcon;
				CODE_SIGN_STYLE = Automatic;
				DEVELOPMENT_TEAM = 78R3455HHD;
				INFOPLIST_FILE = Todorial/Info.plist;
				LD_RUNPATH_SEARCH_PATHS = (
					"$(inherited)",
					"@executable_path/Frameworks",
				);
				PRODUCT_BUNDLE_IDENTIFIER = com.Botatoes.Todorial;
				PRODUCT_NAME = "$(TARGET_NAME)";
				SWIFT_VERSION = 4.2;
				TARGETED_DEVICE_FAMILY = "1,2";
			};
			name = Debug;
		};
		C064391E21C5DF930025FEC1 /* Release */ = {
			isa = XCBuildConfiguration;
			baseConfigurationReference = 38250BB5F0550CE880667F68 /* Pods-Todorial.release.xcconfig */;
			buildSettings = {
				ASSETCATALOG_COMPILER_APPICON_NAME = AppIcon;
				CODE_SIGN_STYLE = Automatic;
				DEVELOPMENT_TEAM = 78R3455HHD;
				INFOPLIST_FILE = Todorial/Info.plist;
				LD_RUNPATH_SEARCH_PATHS = (
					"$(inherited)",
					"@executable_path/Frameworks",
				);
				PRODUCT_BUNDLE_IDENTIFIER = com.Botatoes.Todorial;
				PRODUCT_NAME = "$(TARGET_NAME)";
				SWIFT_VERSION = 4.2;
				TARGETED_DEVICE_FAMILY = "1,2";
			};
			name = Release;
		};
/* End XCBuildConfiguration section */

/* Begin XCConfigurationList section */
		C064390521C5DF930025FEC1 /* Build configuration list for PBXProject "Todorial" */ = {
			isa = XCConfigurationList;
			buildConfigurations = (
				C064391A21C5DF930025FEC1 /* Debug */,
				C064391B21C5DF930025FEC1 /* Release */,
			);
			defaultConfigurationIsVisible = 0;
			defaultConfigurationName = Release;
		};
		C064391C21C5DF930025FEC1 /* Build configuration list for PBXNativeTarget "Todorial" */ = {
			isa = XCConfigurationList;
			buildConfigurations = (
				C064391D21C5DF930025FEC1 /* Debug */,
				C064391E21C5DF930025FEC1 /* Release */,
			);
			defaultConfigurationIsVisible = 0;
			defaultConfigurationName = Release;
		};
/* End XCConfigurationList section */
	};
	rootObject = C064390221C5DF930025FEC1 /* Project object */;
}
